{
  "name": "@ashton/c",
  "version": "0.1.0",
  "lockfileVersion": 3,
  "requires": true,
  "packages": {
    "": {
      "name": "@ashton/c",
      "version": "0.1.0",
      "dependencies": {
        "@iarna/toml": "^3.0.0",
        "chalk": "^5.3.0",
        "commander": "^12.1.0",
        "human-readable-ids": "^1.0.4",
        "humanhash": "^1.0.4",
        "omelette": "^0.4.17"
      },
      "bin": {
        "c": "dist/index.js"
      },
      "devDependencies": {
        "@types/iarna__toml": "^2.0.5",
        "@types/node": "^20.11.0",
        "typescript": "^5.3.0"
      },
      "engines": {
        "node": ">=18"
      }
    },
    "node_modules/@iarna/toml": {
      "version": "3.0.0",
      "resolved": "https://registry.npmjs.org/@iarna/toml/-/toml-3.0.0.tgz",
      "integrity": "sha512-td6ZUkz2oS3VeleBcN+m//Q6HlCFCPrnI0FZhrt/h4XqLEdOyYp2u21nd8MdsR+WJy5r9PTDaHTDDfhf4H4l6Q==",
      "license": "ISC"
    },
    "node_modules/@types/iarna__toml": {
      "version": "2.0.5",
      "resolved": "https://registry.npmjs.org/@types/iarna__toml/-/iarna__toml-2.0.5.tgz",
      "integrity": "sha512-I55y+SxI0ayM4MBU6yfGJGmi4wRll6wtSeKiFYAZj+Z5Q1DVbMgBSVDYY+xQZbjIlLs/pN4fidnvR8faDrmxPg==",
      "dev": true,
      "license": "MIT",
      "dependencies": {
        "@types/node": "*"
      }
    },
    "node_modules/@types/node": {
      "version": "20.19.33",
      "resolved": "https://registry.npmjs.org/@types/node/-/node-20.19.33.tgz",
      "integrity": "sha512-Rs1bVAIdBs5gbTIKza/tgpMuG1k3U/UMJLWecIMxNdJFDMzcM5LOiLVRYh3PilWEYDIeUDv7bpiHPLPsbydGcw==",
      "dev": true,
      "license": "MIT",
      "dependencies": {
        "undici-types": "~6.21.0"
      }
    },
    "node_modules/chalk": {
      "version": "5.6.2",
      "resolved": "https://registry.npmjs.org/chalk/-/chalk-5.6.2.tgz",
      "integrity": "sha512-7NzBL0rN6fMUW+f7A6Io4h40qQlG+xGmtMxfbnH/K7TAtt8JQWVQK+6g0UXKMeVJoyV5EkkNsErQ8pVD3bLHbA==",
      "license": "MIT",
      "engines": {
        "node": "^12.17.0 || ^14.13 || >=16.0.0"
      },
      "funding": {
        "url": "https://github.com/chalk/chalk?sponsor=1"
      }
    },
    "node_modules/commander": {
      "version": "12.1.0",
      "resolved": "https://registry.npmjs.org/commander/-/commander-12.1.0.tgz",
      "integrity": "sha512-Vw8qHK3bZM9y/P10u3Vib8o/DdkvA2OtPtZvD871QKjy74Wj1WSKFILMPRPSdUSx5RFK1arlJzEtA4PkFgnbuA==",
      "license": "MIT",
      "engines": {
        "node": ">=18"
      }
    },
    "node_modules/human-readable-ids": {
      "version": "1.0.4",
      "resolved": "https://registry.npmjs.org/human-readable-ids/-/human-readable-ids-1.0.4.tgz",
      "integrity": "sha512-h1zwThTims8A/SpqFGWyTx+jG1+WRMJaEeZgbtPGrIpj2AZjsOgy8Y+iNzJ0yAyN669Q6F02EK66WMWcst+2FA==",
      "license": "Apache2",
      "dependencies": {
        "knuth-shuffle": "^1.0.0"
      }
    },
    "node_modules/humanhash": {
      "version": "1.0.4",
      "resolved": "https://registry.npmjs.org/humanhash/-/humanhash-1.0.4.tgz",
      "integrity": "sha512-fxOhEl/Ezv7PobYOTomDmQKWaSC0hk0mzl5et5McPtr+6LRBP7LYoeFLPjKW6xOSGmMNLj50BufrrgX+M5EvEA==",
      "license": "Unlicense",
      "dependencies": {
        "uuid": "^3.3.2"
      }
    },
    "node_modules/knuth-shuffle": {
      "version": "1.0.8",
      "resolved": "https://registry.npmjs.org/knuth-shuffle/-/knuth-shuffle-1.0.8.tgz",
      "integrity": "sha512-IdC4Hpp+mx53zTt6VAGsAtbGM0g4BV9fP8tTcviCosSwocHcRDw9uG5Rnv6wLWckF4r72qeXFoK9NkvV1gUJCQ==",
      "license": "(MIT OR Apache-2.0)"
    },
    "node_modules/omelette": {
      "version": "0.4.17",
      "resolved": "https://registry.npmjs.org/omelette/-/omelette-0.4.17.tgz",
      "integrity": "sha512-UlU69G6Bhu0XFjw3tjFZ0qyiMUjAOR+rdzblA1nLQ8xiqFtxOVlkhM39BlgTpLFx9fxkm6rnxNNRsS5GxE/yww==",
      "engines": {
        "node": ">=0.8.0"
      }
    },
    "node_modules/typescript": {
      "version": "5.9.3",
      "resolved": "https://registry.npmjs.org/typescript/-/typescript-5.9.3.tgz",
      "integrity": "sha512-jl1vZzPDinLr9eUt3J/t7V6FgNEw9QjvBPdysz9KfQDD41fQrC2Y4vKQdiaUpFT4bXlb1RHhLpp8wtm6M5TgSw==",
      "dev": true,
      "license": "Apache-2.0",
      "bin": {
        "tsc": "bin/tsc",
        "tsserver": "bin/tsserver"
      },
      "engines": {
        "node": ">=14.17"
      }
    },
    "node_modules/undici-types": {
      "version": "6.21.0",
      "resolved": "https://registry.npmjs.org/undici-types/-/undici-types-6.21.0.tgz",
      "integrity": "sha512-iwDZqg0QAGrg9Rav5H4n0M64c3mkR59cJ6wQp+7C4nI0gsmExaedaYLNO44eT4AtBBwjbTiGPMlt2Md0T9H9JQ==",
      "dev": true,
      "license": "MIT"
    },
    "node_modules/uuid": {
      "version": "3.4.0",
      "resolved": "https://registry.npmjs.org/uuid/-/uuid-3.4.0.tgz",
      "integrity": "sha512-HjSDRw6gZE5JMggctHBcjVak08+KEVhSIiDzFnT9S9aegmp85S/bReBVTb4QTFaRNptJ9kuYaNhnbNEOkbKb/A==",
      "deprecated": "Please upgrade  to version 7 or higher.  Older versions may use Math.random() in certain circumstances, which is known to be problematic.  See https://v8.dev/blog/math-random for details.",
      "license": "MIT",
      "bin": {
        "uuid": "bin/uuid"
      }
    }
  }
}
